
Microsoft Visual Studio Solution File, Format Version 12.00
# Visual Studio Version 17
VisualStudioVersion = 17.11.35327.3
MinimumVisualStudioVersion = 10.0.40219.1
Project("{9A19103F-16F7-4668-BE54-9A1E7A4F7556}") = "SparkApp.Web", "SparkApp.Web\SparkApp.Web.csproj", "{E1EC05C1-2E95-46A6-8685-7FC19391AC2B}"
EndProject
Project("{2150E333-8FDC-42A3-9474-1A3956D46DE8}") = "Web", "Web", "{9A9C372B-B3A9-4A65-B251-BF6F010478B0}"
EndProject
Project("{2150E333-8FDC-42A3-9474-1A3956D46DE8}") = "Data", "Data", "{5E5BA5DF-25F6-45CB-90D3-C535D147C0F3}"
EndProject
Project("{9A19103F-16F7-4668-BE54-9A1E7A4F7556}") = "SparkApp.Data", "SparkApp.Data\SparkApp.Data.csproj", "{8DA7131B-3DB1-414B-97E9-33B035C7198B}"
EndProject
Project("{9A19103F-16F7-4668-BE54-9A1E7A4F7556}") = "SparkApp.Data.Models", "SparkApp.Data.Models\SparkApp.Data.Models.csproj", "{0FDBE314-5015-4FB9-A8BB-EF5BA34E3922}"
EndProject
Project("{2150E333-8FDC-42A3-9474-1A3956D46DE8}") = "Common", "Common", "{2598A712-5C97-4668-860A-48B67878BE2A}"
EndProject
Project("{9A19103F-16F7-4668-BE54-9A1E7A4F7556}") = "SparkApp.Common", "SparkApp.Common\SparkApp.Common.csproj", "{2A616580-5DA6-4DC0-91F6-7EA7144333E6}"
EndProject
Project("{2150E333-8FDC-42A3-9474-1A3956D46DE8}") = "Infrastructure", "Infrastructure", "{4DE6DCF1-FCBF-432D-8A92-2A09DEF3E1A5}"
EndProject
Project("{9A19103F-16F7-4668-BE54-9A1E7A4F7556}") = "SparkApp.Web.Infrastructure", "SparkApp.Infrastructure\SparkApp.Web.Infrastructure.csproj", "{A86AEEF7-BC11-443F-973D-ECAE4F901151}"
EndProject
Project("{2150E333-8FDC-42A3-9474-1A3956D46DE8}") = "ViewModels", "ViewModels", "{22521FFA-7AA7-4706-B4E0-F25746B9BB15}"
EndProject
Project("{9A19103F-16F7-4668-BE54-9A1E7A4F7556}") = "SparkApp.Web.ViewModels", "SparkApp.Web.ViewModels\SparkApp.Web.ViewModels.csproj", "{56CB79F2-3F8D-48F1-8174-AD80168F7C88}"
EndProject
Project("{2150E333-8FDC-42A3-9474-1A3956D46DE8}") = "Services", "Services", "{6716F62E-60E8-4643-A8EE-917830CD9D60}"
EndProject
Project("{FAE04EC0-301F-11D3-BF4B-00C04F79EFBC}") = "SparkApp.Services.Data", "SparkApp.Services.Data\SparkApp.Services.Data.csproj", "{3DE08D46-8402-4307-99FC-283C470C91AE}"
EndProject
Project("{FAE04EC0-301F-11D3-BF4B-00C04F79EFBC}") = "SparkApp.WebApi", "SparkApp.WebApi\SparkApp.WebApi.csproj", "{99BFFE7D-4000-4B97-98AB-C533FE6C0699}"
EndProject
Project("{2150E333-8FDC-42A3-9474-1A3956D46DE8}") = "Tests", "Tests", "{EEB23074-9708-42C2-B5ED-53A4067CB1CD}"
EndProject
Project("{2150E333-8FDC-42A3-9474-1A3956D46DE8}") = "Unit Tests", "Unit Tests", "{A5F98F7F-3049-4670-BF52-461D4B49CC25}"
EndProject
Project("{FAE04EC0-301F-11D3-BF4B-00C04F79EFBC}") = "Test", "Test\Test.csproj", "{6CF427A6-FF05-48DC-BB30-83E89DD591AC}"
EndProject
Global
	GlobalSection(SolutionConfigurationPlatforms) = preSolution
		Debug|Any CPU = Debug|Any CPU
		Release|Any CPU = Release|Any CPU
	EndGlobalSection
	GlobalSection(ProjectConfigurationPlatforms) = postSolution
		{E1EC05C1-2E95-46A6-8685-7FC19391AC2B}.Debug|Any CPU.ActiveCfg = Debug|Any CPU
		{E1EC05C1-2E95-46A6-8685-7FC19391AC2B}.Debug|Any CPU.Build.0 = Debug|Any CPU
		{E1EC05C1-2E95-46A6-8685-7FC19391AC2B}.Release|Any CPU.ActiveCfg = Release|Any CPU
		{E1EC05C1-2E95-46A6-8685-7FC19391AC2B}.Release|Any CPU.Build.0 = Release|Any CPU
		{8DA7131B-3DB1-414B-97E9-33B035C7198B}.Debug|Any CPU.ActiveCfg = Debug|Any CPU
		{8DA7131B-3DB1-414B-97E9-33B035C7198B}.Debug|Any CPU.Build.0 = Debug|Any CPU
		{8DA7131B-3DB1-414B-97E9-33B035C7198B}.Release|Any CPU.ActiveCfg = Release|Any CPU
		{8DA7131B-3DB1-414B-97E9-33B035C7198B}.Release|Any CPU.Build.0 = Release|Any CPU
		{0FDBE314-5015-4FB9-A8BB-EF5BA34E3922}.Debug|Any CPU.ActiveCfg = Debug|Any CPU
		{0FDBE314-5015-4FB9-A8BB-EF5BA34E3922}.Debug|Any CPU.Build.0 = Debug|Any CPU
		{0FDBE314-5015-4FB9-A8BB-EF5BA34E3922}.Release|Any CPU.ActiveCfg = Release|Any CPU
		{0FDBE314-5015-4FB9-A8BB-EF5BA34E3922}.Release|Any CPU.Build.0 = Release|Any CPU
		{2A616580-5DA6-4DC0-91F6-7EA7144333E6}.Debug|Any CPU.ActiveCfg = Debug|Any CPU
		{2A616580-5DA6-4DC0-91F6-7EA7144333E6}.Debug|Any CPU.Build.0 = Debug|Any CPU
		{2A616580-5DA6-4DC0-91F6-7EA7144333E6}.Release|Any CPU.ActiveCfg = Release|Any CPU
		{2A616580-5DA6-4DC0-91F6-7EA7144333E6}.Release|Any CPU.Build.0 = Release|Any CPU
		{A86AEEF7-BC11-443F-973D-ECAE4F901151}.Debug|Any CPU.ActiveCfg = Debug|Any CPU
		{A86AEEF7-BC11-443F-973D-ECAE4F901151}.Debug|Any CPU.Build.0 = Debug|Any CPU
		{A86AEEF7-BC11-443F-973D-ECAE4F901151}.Release|Any CPU.ActiveCfg = Release|Any CPU
		{A86AEEF7-BC11-443F-973D-ECAE4F901151}.Release|Any CPU.Build.0 = Release|Any CPU
		{56CB79F2-3F8D-48F1-8174-AD80168F7C88}.Debug|Any CPU.ActiveCfg = Debug|Any CPU
		{56CB79F2-3F8D-48F1-8174-AD80168F7C88}.Debug|Any CPU.Build.0 = Debug|Any CPU
		{56CB79F2-3F8D-48F1-8174-AD80168F7C88}.Release|Any CPU.ActiveCfg = Release|Any CPU
		{56CB79F2-3F8D-48F1-8174-AD80168F7C88}.Release|Any CPU.Build.0 = Release|Any CPU
		{3DE08D46-8402-4307-99FC-283C470C91AE}.Debug|Any CPU.ActiveCfg = Debug|Any CPU
		{3DE08D46-8402-4307-99FC-283C470C91AE}.Debug|Any CPU.Build.0 = Debug|Any CPU
		{3DE08D46-8402-4307-99FC-283C470C91AE}.Release|Any CPU.ActiveCfg = Release|Any CPU
		{3DE08D46-8402-4307-99FC-283C470C91AE}.Release|Any CPU.Build.0 = Release|Any CPU
		{99BFFE7D-4000-4B97-98AB-C533FE6C0699}.Debug|Any CPU.ActiveCfg = Debug|Any CPU
		{99BFFE7D-4000-4B97-98AB-C533FE6C0699}.Debug|Any CPU.Build.0 = Debug|Any CPU
		{99BFFE7D-4000-4B97-98AB-C533FE6C0699}.Release|Any CPU.ActiveCfg = Release|Any CPU
		{99BFFE7D-4000-4B97-98AB-C533FE6C0699}.Release|Any CPU.Build.0 = Release|Any CPU
		{6CF427A6-FF05-48DC-BB30-83E89DD591AC}.Debug|Any CPU.ActiveCfg = Debug|Any CPU
		{6CF427A6-FF05-48DC-BB30-83E89DD591AC}.Debug|Any CPU.Build.0 = Debug|Any CPU
		{6CF427A6-FF05-48DC-BB30-83E89DD591AC}.Release|Any CPU.ActiveCfg = Release|Any CPU
		{6CF427A6-FF05-48DC-BB30-83E89DD591AC}.Release|Any CPU.Build.0 = Release|Any CPU
	EndGlobalSection
	GlobalSection(SolutionProperties) = preSolution
		HideSolutionNode = FALSE
	EndGlobalSection
	GlobalSection(NestedProjects) = preSolution
		{E1EC05C1-2E95-46A6-8685-7FC19391AC2B} = {9A9C372B-B3A9-4A65-B251-BF6F010478B0}
		{8DA7131B-3DB1-414B-97E9-33B035C7198B} = {5E5BA5DF-25F6-45CB-90D3-C535D147C0F3}
		{0FDBE314-5015-4FB9-A8BB-EF5BA34E3922} = {5E5BA5DF-25F6-45CB-90D3-C535D147C0F3}
		{2A616580-5DA6-4DC0-91F6-7EA7144333E6} = {2598A712-5C97-4668-860A-48B67878BE2A}
		{A86AEEF7-BC11-443F-973D-ECAE4F901151} = {4DE6DCF1-FCBF-432D-8A92-2A09DEF3E1A5}
		{56CB79F2-3F8D-48F1-8174-AD80168F7C88} = {22521FFA-7AA7-4706-B4E0-F25746B9BB15}
		{3DE08D46-8402-4307-99FC-283C470C91AE} = {6716F62E-60E8-4643-A8EE-917830CD9D60}
		{99BFFE7D-4000-4B97-98AB-C533FE6C0699} = {9A9C372B-B3A9-4A65-B251-BF6F010478B0}
		{A5F98F7F-3049-4670-BF52-461D4B49CC25} = {EEB23074-9708-42C2-B5ED-53A4067CB1CD}
		{6CF427A6-FF05-48DC-BB30-83E89DD591AC} = {A5F98F7F-3049-4670-BF52-461D4B49CC25}
	EndGlobalSection
	GlobalSection(ExtensibilityGlobals) = postSolution
		SolutionGuid = {F1DB65FA-8A45-4BB0-B7DB-32433482E196}
	EndGlobalSection
EndGlobal
